
Microsoft Visual Studio Solution File, Format Version 12.00
# Visual Studio Version 17
VisualStudioVersion = 17.4.33213.308
MinimumVisualStudioVersion = 10.0.40219.1
Project("{FAE04EC0-301F-11D3-BF4B-00C04F79EFBC}") = "CalendarWPF", "CalendarWPF\CalendarWPF.csproj", "{0F261283-F2B5-4264-9ECE-3F1F9C5B043D}"
EndProject
Global
	GlobalSection(SolutionConfigurationPlatforms) = preSolution
		Debug|Any CPU = Debug|Any CPU
		Release|Any CPU = Release|Any CPU
	EndGlobalSection
	GlobalSection(ProjectConfigurationPlatforms) = postSolution
		{0F261283-F2B5-4264-9ECE-3F1F9C5B043D}.Debug|Any CPU.ActiveCfg = Debug|Any CPU
		{0F261283-F2B5-4264-9ECE-3F1F9C5B043D}.Debug|Any CPU.Build.0 = Debug|Any CPU
		{0F261283-F2B5-4264-9ECE-3F1F9C5B043D}.Release|Any CPU.ActiveCfg = Release|Any CPU
		{0F261283-F2B5-4264-9ECE-3F1F9C5B043D}.Release|Any CPU.Build.0 = Release|Any CPU
	EndGlobalSection
	GlobalSection(SolutionProperties) = preSolution
		HideSolutionNode = FALSE
	EndGlobalSection
	GlobalSection(ExtensibilityGlobals) = postSolution
		SolutionGuid = {E3AE76A6-E881-4EEA-BEAA-162A17AA13C9}
	EndGlobalSection
EndGlobal
