
Microsoft Visual Studio Solution File, Format Version 12.00
# Visual Studio Version 17
VisualStudioVersion = 17.3.32929.385
MinimumVisualStudioVersion = 10.0.40219.1
Project("{FAE04EC0-301F-11D3-BF4B-00C04F79EFBC}") = "Notes2", "Notes2\Notes2.csproj", "{6DD747CA-88B4-4BF4-ADA0-CD7D0C66E2EA}"
EndProject
Global
	GlobalSection(SolutionConfigurationPlatforms) = preSolution
		Debug|Any CPU = Debug|Any CPU
		Release|Any CPU = Release|Any CPU
	EndGlobalSection
	GlobalSection(ProjectConfigurationPlatforms) = postSolution
		{6DD747CA-88B4-4BF4-ADA0-CD7D0C66E2EA}.Debug|Any CPU.ActiveCfg = Debug|Any CPU
		{6DD747CA-88B4-4BF4-ADA0-CD7D0C66E2EA}.Debug|Any CPU.Build.0 = Debug|Any CPU
		{6DD747CA-88B4-4BF4-ADA0-CD7D0C66E2EA}.Release|Any CPU.ActiveCfg = Release|Any CPU
		{6DD747CA-88B4-4BF4-ADA0-CD7D0C66E2EA}.Release|Any CPU.Build.0 = Release|Any CPU
	EndGlobalSection
	GlobalSection(SolutionProperties) = preSolution
		HideSolutionNode = FALSE
	EndGlobalSection
	GlobalSection(ExtensibilityGlobals) = postSolution
		SolutionGuid = {C5BD4211-D7F3-4E04-AA35-45A6C0C5D85F}
	EndGlobalSection
EndGlobal
