
Microsoft Visual Studio Solution File, Format Version 12.00
# Visual Studio Version 17
VisualStudioVersion = 17.4.33103.184
MinimumVisualStudioVersion = 10.0.40219.1
Project("{FAE04EC0-301F-11D3-BF4B-00C04F79EFBC}") = "Pract6", "Pract6\Pract6.csproj", "{AB89A0F4-D276-4C2B-BBBD-DB38CA9A1ADA}"
EndProject
Global
	GlobalSection(SolutionConfigurationPlatforms) = preSolution
		Debug|Any CPU = Debug|Any CPU
		Release|Any CPU = Release|Any CPU
	EndGlobalSection
	GlobalSection(ProjectConfigurationPlatforms) = postSolution
		{AB89A0F4-D276-4C2B-BBBD-DB38CA9A1ADA}.Debug|Any CPU.ActiveCfg = Debug|Any CPU
		{AB89A0F4-D276-4C2B-BBBD-DB38CA9A1ADA}.Debug|Any CPU.Build.0 = Debug|Any CPU
		{AB89A0F4-D276-4C2B-BBBD-DB38CA9A1ADA}.Release|Any CPU.ActiveCfg = Release|Any CPU
		{AB89A0F4-D276-4C2B-BBBD-DB38CA9A1ADA}.Release|Any CPU.Build.0 = Release|Any CPU
	EndGlobalSection
	GlobalSection(SolutionProperties) = preSolution
		HideSolutionNode = FALSE
	EndGlobalSection
	GlobalSection(ExtensibilityGlobals) = postSolution
		SolutionGuid = {75BD3FB0-DBF4-4F7C-B237-4375C7EE0E6B}
	EndGlobalSection
EndGlobal
