
Microsoft Visual Studio Solution File, Format Version 12.00
# Visual Studio Version 17
VisualStudioVersion = 17.4.33103.184
MinimumVisualStudioVersion = 10.0.40219.1
Project("{FAE04EC0-301F-11D3-BF4B-00C04F79EFBC}") = "Zmeika", "Zmeika\Zmeika.csproj", "{2A056C5F-1670-4339-95FC-69D98957B0FE}"
EndProject
Global
	GlobalSection(SolutionConfigurationPlatforms) = preSolution
		Debug|Any CPU = Debug|Any CPU
		Release|Any CPU = Release|Any CPU
	EndGlobalSection
	GlobalSection(ProjectConfigurationPlatforms) = postSolution
		{2A056C5F-1670-4339-95FC-69D98957B0FE}.Debug|Any CPU.ActiveCfg = Debug|Any CPU
		{2A056C5F-1670-4339-95FC-69D98957B0FE}.Debug|Any CPU.Build.0 = Debug|Any CPU
		{2A056C5F-1670-4339-95FC-69D98957B0FE}.Release|Any CPU.ActiveCfg = Release|Any CPU
		{2A056C5F-1670-4339-95FC-69D98957B0FE}.Release|Any CPU.Build.0 = Release|Any CPU
	EndGlobalSection
	GlobalSection(SolutionProperties) = preSolution
		HideSolutionNode = FALSE
	EndGlobalSection
	GlobalSection(ExtensibilityGlobals) = postSolution
		SolutionGuid = {FF76008E-5A53-4A85-92C1-9453384695E0}
	EndGlobalSection
EndGlobal
